// !$*UTF8*$!
{
	archiveVersion = 1;
	classes = {
	};
	objectVersion = 50;
	objects = {

/* Begin PBXBuildFile section */
		FB42A25D217A2ABE0023C6F6 /* AddGameViewController.swift in Sources */ = {isa = PBXBuildFile; fileRef = FB42A25C217A2ABE0023C6F6 /* AddGameViewController.swift */; };
		FB42A25F217A2B8C0023C6F6 /* TriviaQuestion.swift in Sources */ = {isa = PBXBuildFile; fileRef = FB42A25E217A2B8C0023C6F6 /* TriviaQuestion.swift */; };
		FBBA38E4217A664D008CCDEF /* QuizScreenViewController.swift in Sources */ = {isa = PBXBuildFile; fileRef = FBBA38E3217A664D008CCDEF /* QuizScreenViewController.swift */; };
		FBECC4192178D70200A2A3EF /* AppDelegate.swift in Sources */ = {isa = PBXBuildFile; fileRef = FBECC4182178D70200A2A3EF /* AppDelegate.swift */; };
		FBECC41E2178D70200A2A3EF /* Main.storyboard in Resources */ = {isa = PBXBuildFile; fileRef = FBECC41C2178D70200A2A3EF /* Main.storyboard */; };
		FBECC4202178D70300A2A3EF /* Assets.xcassets in Resources */ = {isa = PBXBuildFile; fileRef = FBECC41F2178D70300A2A3EF /* Assets.xcassets */; };
		FBECC4232178D70300A2A3EF /* LaunchScreen.storyboard in Resources */ = {isa = PBXBuildFile; fileRef = FBECC4212178D70300A2A3EF /* LaunchScreen.storyboard */; };
/* End PBXBuildFile section */

/* Begin PBXFileReference section */
		FB42A25C217A2ABE0023C6F6 /* AddGameViewController.swift */ = {isa = PBXFileReference; lastKnownFileType = sourcecode.swift; path = AddGameViewController.swift; sourceTree = "<group>"; };
		FB42A25E217A2B8C0023C6F6 /* TriviaQuestion.swift */ = {isa = PBXFileReference; lastKnownFileType = sourcecode.swift; path = TriviaQuestion.swift; sourceTree = "<group>"; };
		FBBA38E3217A664D008CCDEF /* QuizScreenViewController.swift */ = {isa = PBXFileReference; lastKnownFileType = sourcecode.swift; path = QuizScreenViewController.swift; sourceTree = "<group>"; };
		FBECC4152178D70200A2A3EF /* TriviaGameIOS.app */ = {isa = PBXFileReference; explicitFileType = wrapper.application; includeInIndex = 0; path = TriviaGameIOS.app; sourceTree = BUILT_PRODUCTS_DIR; };
		FBECC4182178D70200A2A3EF /* AppDelegate.swift */ = {isa = PBXFileReference; lastKnownFileType = sourcecode.swift; path = AppDelegate.swift; sourceTree = "<group>"; };
		FBECC41D2178D70200A2A3EF /* Base */ = {isa = PBXFileReference; lastKnownFileType = file.storyboard; name = Base; path = Base.lproj/Main.storyboard; sourceTree = "<group>"; };
		FBECC41F2178D70300A2A3EF /* Assets.xcassets */ = {isa = PBXFileReference; lastKnownFileType = folder.assetcatalog; path = Assets.xcassets; sourceTree = "<group>"; };
		FBECC4222178D70300A2A3EF /* Base */ = {isa = PBXFileReference; lastKnownFileType = file.storyboard; name = Base; path = Base.lproj/LaunchScreen.storyboard; sourceTree = "<group>"; };
		FBECC4242178D70300A2A3EF /* Info.plist */ = {isa = PBXFileReference; lastKnownFileType = text.plist.xml; path = Info.plist; sourceTree = "<group>"; };
/* End PBXFileReference section */

/* Begin PBXFrameworksBuildPhase section */
		FBECC4122178D70200A2A3EF /* Frameworks */ = {
			isa = PBXFrameworksBuildPhase;
			buildActionMask = 2147483647;
			files = (
			);
			runOnlyForDeploymentPostprocessing = 0;
		};
/* End PBXFrameworksBuildPhase section */

/* Begin PBXGroup section */
		FBECC40C2178D70200A2A3EF = {
			isa = PBXGroup;
			children = (
				FBECC4172178D70200A2A3EF /* TriviaGameIOS */,
				FBECC4162178D70200A2A3EF /* Products */,
			);
			sourceTree = "<group>";
		};
		FBECC4162178D70200A2A3EF /* Products */ = {
			isa = PBXGroup;
			children = (
				FBECC4152178D70200A2A3EF /* TriviaGameIOS.app */,
			);
			name = Products;
			sourceTree = "<group>";
		};
		FBECC4172178D70200A2A3EF /* TriviaGameIOS */ = {
			isa = PBXGroup;
			children = (
				FBECC4182178D70200A2A3EF /* AppDelegate.swift */,
				FBBA38E3217A664D008CCDEF /* QuizScreenViewController.swift */,
				FB42A25C217A2ABE0023C6F6 /* AddGameViewController.swift */,
				FB42A25E217A2B8C0023C6F6 /* TriviaQuestion.swift */,
				FBECC41C2178D70200A2A3EF /* Main.storyboard */,
				FBECC41F2178D70300A2A3EF /* Assets.xcassets */,
				FBECC4212178D70300A2A3EF /* LaunchScreen.storyboard */,
				FBECC4242178D70300A2A3EF /* Info.plist */,
			);
			path = TriviaGameIOS;
			sourceTree = "<group>";
		};
/* End PBXGroup section */

/* Begin PBXNativeTarget section */
		FBECC4142178D70200A2A3EF /* TriviaGameIOS */ = {
			isa = PBXNativeTarget;
			buildConfigurationList = FBECC4272178D70300A2A3EF /* Build configuration list for PBXNativeTarget "TriviaGameIOS" */;
			buildPhases = (
				FBECC4112178D70200A2A3EF /* Sources */,
				FBECC4122178D70200A2A3EF /* Frameworks */,
				FBECC4132178D70200A2A3EF /* Resources */,
			);
			buildRules = (
			);
			dependencies = (
			);
			name = TriviaGameIOS;
			productName = TriviaGameIOS;
			productReference = FBECC4152178D70200A2A3EF /* TriviaGameIOS.app */;
			productType = "com.apple.product-type.application";
		};
/* End PBXNativeTarget section */

/* Begin PBXProject section */
		FBECC40D2178D70200A2A3EF /* Project object */ = {
			isa = PBXProject;
			attributes = {
				LastSwiftUpdateCheck = 1000;
				LastUpgradeCheck = 1000;
				ORGANIZATIONNAME = "Andrew Beauchamp";
				TargetAttributes = {
					FBECC4142178D70200A2A3EF = {
						CreatedOnToolsVersion = 10.0;
					};
				};
			};
			buildConfigurationList = FBECC4102178D70200A2A3EF /* Build configuration list for PBXProject "TriviaGameIOS" */;
			compatibilityVersion = "Xcode 9.3";
			developmentRegion = en;
			hasScannedForEncodings = 0;
			knownRegions = (
				en,
				Base,
			);
			mainGroup = FBECC40C2178D70200A2A3EF;
			productRefGroup = FBECC4162178D70200A2A3EF /* Products */;
			projectDirPath = "";
			projectRoot = "";
			targets = (
				FBECC4142178D70200A2A3EF /* TriviaGameIOS */,
			);
		};
/* End PBXProject section */

/* Begin PBXResourcesBuildPhase section */
		FBECC4132178D70200A2A3EF /* Resources */ = {
			isa = PBXResourcesBuildPhase;
			buildActionMask = 2147483647;
			files = (
				FBECC4232178D70300A2A3EF /* LaunchScreen.storyboard in Resources */,
				FBECC4202178D70300A2A3EF /* Assets.xcassets in Resources */,
				FBECC41E2178D70200A2A3EF /* Main.storyboard in Resources */,
			);
			runOnlyForDeploymentPostprocessing = 0;
		};
/* End PBXResourcesBuildPhase section */

/* Begin PBXSourcesBuildPhase section */
		FBECC4112178D70200A2A3EF /* Sources */ = {
			isa = PBXSourcesBuildPhase;
			buildActionMask = 2147483647;
			files = (
				FBECC4192178D70200A2A3EF /* AppDelegate.swift in Sources */,
				FBBA38E4217A664D008CCDEF /* QuizScreenViewController.swift in Sources */,
				FB42A25F217A2B8C0023C6F6 /* TriviaQuestion.swift in Sources */,
				FB42A25D217A2ABE0023C6F6 /* AddGameViewController.swift in Sources */,
			);
			runOnlyForDeploymentPostprocessing = 0;
		};
/* End PBXSourcesBuildPhase section */

/* Begin PBXVariantGroup section */
		FBECC41C2178D70200A2A3EF /* Main.storyboard */ = {
			isa = PBXVariantGroup;
			children = (
				FBECC41D2178D70200A2A3EF /* Base */,
			);
			name = Main.storyboard;
			sourceTree = "<group>";
		};
		FBECC4212178D70300A2A3EF /* LaunchScreen.storyboard */ = {
			isa = PBXVariantGroup;
			children = (
				FBECC4222178D70300A2A3EF /* Base */,
			);
			name = LaunchScreen.storyboard;
			sourceTree = "<group>";
		};
/* End PBXVariantGroup section */

/* Begin XCBuildConfiguration section */
		FBECC4252178D70300A2A3EF /* Debug */ = {
			isa = XCBuildConfiguration;
			buildSettings = {
				ALWAYS_SEARCH_USER_PATHS = NO;
				CLANG_ANALYZER_NONNULL = YES;
				CLANG_ANALYZER_NUMBER_OBJECT_CONVERSION = YES_AGGRESSIVE;
				CLANG_CXX_LANGUAGE_STANDARD = "gnu++14";
				CLANG_CXX_LIBRARY = "libc++";
				CLANG_ENABLE_MODULES = YES;
				CLANG_ENABLE_OBJC_ARC = YES;
				CLANG_ENABLE_OBJC_WEAK = YES;
				CLANG_WARN_BLOCK_CAPTURE_AUTORELEASING = YES;
				CLANG_WARN_BOOL_CONVERSION = YES;
				CLANG_WARN_COMMA = YES;
				CLANG_WARN_CONSTANT_CONVERSION = YES;
				CLANG_WARN_DEPRECATED_OBJC_IMPLEMENTATIONS = YES;
				CLANG_WARN_DIRECT_OBJC_ISA_USAGE = YES_ERROR;
				CLANG_WARN_DOCUMENTATION_COMMENTS = YES;
				CLANG_WARN_EMPTY_BODY = YES;
				CLANG_WARN_ENUM_CONVERSION = YES;
				CLANG_WARN_INFINITE_RECURSION = YES;
				CLANG_WARN_INT_CONVERSION = YES;
				CLANG_WARN_NON_LITERAL_NULL_CONVERSION = YES;
				CLANG_WARN_OBJC_IMPLICIT_RETAIN_SELF = YES;
				CLANG_WARN_OBJC_LITERAL_CONVERSION = YES;
				CLANG_WARN_OBJC_ROOT_CLASS = YES_ERROR;
				CLANG_WARN_RANGE_LOOP_ANALYSIS = YES;
				CLANG_WARN_STRICT_PROTOTYPES = YES;
				CLANG_WARN_SUSPICIOUS_MOVE = YES;
				CLANG_WARN_UNGUARDED_AVAILABILITY = YES_AGGRESSIVE;
				CLANG_WARN_UNREACHABLE_CODE = YES;
				CLANG_WARN__DUPLICATE_METHOD_MATCH = YES;
				CODE_SIGN_IDENTITY = "iPhone Developer";
				COPY_PHASE_STRIP = NO;
				DEBUG_INFORMATION_FORMAT = dwarf;
				ENABLE_STRICT_OBJC_MSGSEND = YES;
				ENABLE_TESTABILITY = YES;
				GCC_C_LANGUAGE_STANDARD = gnu11;
				GCC_DYNAMIC_NO_PIC = NO;
				GCC_NO_COMMON_BLOCKS = YES;
				GCC_OPTIMIZATION_LEVEL = 0;
				GCC_PREPROCESSOR_DEFINITIONS = (
					"DEBUG=1",
					"$(inherited)",
				);
				GCC_WARN_64_TO_32_BIT_CONVERSION = YES;
				GCC_WARN_ABOUT_RETURN_TYPE = YES_ERROR;
				GCC_WARN_UNDECLARED_SELECTOR = YES;
				GCC_WARN_UNINITIALIZED_AUTOS = YES_AGGRESSIVE;
				GCC_WARN_UNUSED_FUNCTION = YES;
				GCC_WARN_UNUSED_VARIABLE = YES;
				IPHONEOS_DEPLOYMENT_TARGET = 12.0;
				MTL_ENABLE_DEBUG_INFO = INCLUDE_SOURCE;
				MTL_FAST_MATH = YES;
				ONLY_ACTIVE_ARCH = YES;
				SDKROOT = iphoneos;
				SWIFT_ACTIVE_COMPILATION_CONDITIONS = DEBUG;
				SWIFT_OPTIMIZATION_LEVEL = "-Onone";
			};
			name = Debug;
		};
		FBECC4262178D70300A2A3EF /* Release */ = {
			isa = XCBuildConfiguration;
			buildSettings = {
				ALWAYS_SEARCH_USER_PATHS = NO;
				CLANG_ANALYZER_NONNULL = YES;
				CLANG_ANALYZER_NUMBER_OBJECT_CONVERSION = YES_AGGRESSIVE;
				CLANG_CXX_LANGUAGE_STANDARD = "gnu++14";
				CLANG_CXX_LIBRARY = "libc++";
				CLANG_ENABLE_MODULES = YES;
				CLANG_ENABLE_OBJC_ARC = YES;
				CLANG_ENABLE_OBJC_WEAK = YES;
				CLANG_WARN_BLOCK_CAPTURE_AUTORELEASING = YES;
				CLANG_WARN_BOOL_CONVERSION = YES;
				CLANG_WARN_COMMA = YES;
				CLANG_WARN_CONSTANT_CONVERSION = YES;
				CLANG_WARN_DEPRECATED_OBJC_IMPLEMENTATIONS = YES;
				CLANG_WARN_DIRECT_OBJC_ISA_USAGE = YES_ERROR;
				CLANG_WARN_DOCUMENTATION_COMMENTS = YES;
				CLANG_WARN_EMPTY_BODY = YES;
				CLANG_WARN_ENUM_CONVERSION = YES;
				CLANG_WARN_INFINITE_RECURSION = YES;
				CLANG_WARN_INT_CONVERSION = YES;
				CLANG_WARN_NON_LITERAL_NULL_CONVERSION = YES;
				CLANG_WARN_OBJC_IMPLICIT_RETAIN_SELF = YES;
				CLANG_WARN_OBJC_LITERAL_CONVERSION = YES;
				CLANG_WARN_OBJC_ROOT_CLASS = YES_ERROR;
				CLANG_WARN_RANGE_LOOP_ANALYSIS = YES;
				CLANG_WARN_STRICT_PROTOTYPES = YES;
				CLANG_WARN_SUSPICIOUS_MOVE = YES;
				CLANG_WARN_UNGUARDED_AVAILABILITY = YES_AGGRESSIVE;
				CLANG_WARN_UNREACHABLE_CODE = YES;
				CLANG_WARN__DUPLICATE_METHOD_MATCH = YES;
				CODE_SIGN_IDENTITY = "iPhone Developer";
				COPY_PHASE_STRIP = NO;
				DEBUG_INFORMATION_FORMAT = "dwarf-with-dsym";
				ENABLE_NS_ASSERTIONS = NO;
				ENABLE_STRICT_OBJC_MSGSEND = YES;
				GCC_C_LANGUAGE_STANDARD = gnu11;
				GCC_NO_COMMON_BLOCKS = YES;
				GCC_WARN_64_TO_32_BIT_CONVERSION = YES;
				GCC_WARN_ABOUT_RETURN_TYPE = YES_ERROR;
				GCC_WARN_UNDECLARED_SELECTOR = YES;
				GCC_WARN_UNINITIALIZED_AUTOS = YES_AGGRESSIVE;
				GCC_WARN_UNUSED_FUNCTION = YES;
				GCC_WARN_UNUSED_VARIABLE = YES;
				IPHONEOS_DEPLOYMENT_TARGET = 12.0;
				MTL_ENABLE_DEBUG_INFO = NO;
				MTL_FAST_MATH = YES;
				SDKROOT = iphoneos;
				SWIFT_COMPILATION_MODE = wholemodule;
				SWIFT_OPTIMIZATION_LEVEL = "-O";
				VALIDATE_PRODUCT = YES;
			};
			name = Release;
		};
		FBECC4282178D70300A2A3EF /* Debug */ = {
			isa = XCBuildConfiguration;
			buildSettings = {
				ASSETCATALOG_COMPILER_APPICON_NAME = AppIcon;
				CODE_SIGN_STYLE = Automatic;
				INFOPLIST_FILE = TriviaGameIOS/Info.plist;
				LD_RUNPATH_SEARCH_PATHS = (
					"$(inherited)",
					"@executable_path/Frameworks",
				);
				PRODUCT_BUNDLE_IDENTIFIER = "Andrew-Beauchamp.TriviaGameIOS";
				PRODUCT_NAME = "$(TARGET_NAME)";
				SWIFT_VERSION = 4.2;
				TARGETED_DEVICE_FAMILY = "1,2";
			};
			name = Debug;
		};
		FBECC4292178D70300A2A3EF /* Release */ = {
			isa = XCBuildConfiguration;
			buildSettings = {
				ASSETCATALOG_COMPILER_APPICON_NAME = AppIcon;
				CODE_SIGN_STYLE = Automatic;
				INFOPLIST_FILE = TriviaGameIOS/Info.plist;
				LD_RUNPATH_SEARCH_PATHS = (
					"$(inherited)",
					"@executable_path/Frameworks",
				);
				PRODUCT_BUNDLE_IDENTIFIER = "Andrew-Beauchamp.TriviaGameIOS";
				PRODUCT_NAME = "$(TARGET_NAME)";
				SWIFT_VERSION = 4.2;
				TARGETED_DEVICE_FAMILY = "1,2";
			};
			name = Release;
		};
/* End XCBuildConfiguration section */

/* Begin XCConfigurationList section */
		FBECC4102178D70200A2A3EF /* Build configuration list for PBXProject "TriviaGameIOS" */ = {
			isa = XCConfigurationList;
			buildConfigurations = (
				FBECC4252178D70300A2A3EF /* Debug */,
				FBECC4262178D70300A2A3EF /* Release */,
			);
			defaultConfigurationIsVisible = 0;
			defaultConfigurationName = Release;
		};
		FBECC4272178D70300A2A3EF /* Build configuration list for PBXNativeTarget "TriviaGameIOS" */ = {
			isa = XCConfigurationList;
			buildConfigurations = (
				FBECC4282178D70300A2A3EF /* Debug */,
				FBECC4292178D70300A2A3EF /* Release */,
			);
			defaultConfigurationIsVisible = 0;
			defaultConfigurationName = Release;
		};
/* End XCConfigurationList section */
	};
	rootObject = FBECC40D2178D70200A2A3EF /* Project object */;
}
